
Microsoft Visual Studio Solution File, Format Version 12.00
# Visual Studio Version 16
VisualStudioVersion = 16.0.31410.357
MinimumVisualStudioVersion = 10.0.40219.1
Project("{FAE04EC0-301F-11D3-BF4B-00C04F79EFBC}") = "Shopping.Client", "Shopping.Client\Shopping.Client.csproj", "{344791F2-6AA7-4AB4-9D02-DC15F4D285A6}"
EndProject
Global
	GlobalSection(SolutionConfigurationPlatforms) = preSolution
		Debug|Any CPU = Debug|Any CPU
		Release|Any CPU = Release|Any CPU
	EndGlobalSection
	GlobalSection(ProjectConfigurationPlatforms) = postSolution
		{344791F2-6AA7-4AB4-9D02-DC15F4D285A6}.Debug|Any CPU.ActiveCfg = Debug|Any CPU
		{344791F2-6AA7-4AB4-9D02-DC15F4D285A6}.Debug|Any CPU.Build.0 = Debug|Any CPU
		{344791F2-6AA7-4AB4-9D02-DC15F4D285A6}.Release|Any CPU.ActiveCfg = Release|Any CPU
		{344791F2-6AA7-4AB4-9D02-DC15F4D285A6}.Release|Any CPU.Build.0 = Release|Any CPU
	EndGlobalSection
	GlobalSection(SolutionProperties) = preSolution
		HideSolutionNode = FALSE
	EndGlobalSection
	GlobalSection(ExtensibilityGlobals) = postSolution
		SolutionGuid = {467EA255-6BAD-4D56-889C-D9ADE902E01E}
	EndGlobalSection
EndGlobal
